{
  "name": "react-native-flash-message",
  "version": "0.1.10",
  "lockfileVersion": 1,
  "requires": true,
  "dependencies": {
    "react-native-iphone-x-helper": {
      "version": "1.2.0",
      "resolved": "https://registry.npmjs.org/react-native-iphone-x-helper/-/react-native-iphone-x-helper-1.2.0.tgz",
      "integrity": "sha512-xIeTo4s77wwKgBZLVRIZC9tM9/PkXS46Ul76NXmvmixEb3ZwqGdQesR3zRiLMOoIdfOURB6N9bba9po7+x9Bag=="
    }
  }
}
